
Microsoft Visual Studio Solution File, Format Version 12.00
# Visual Studio Version 17
VisualStudioVersion = 17.10.34928.147
MinimumVisualStudioVersion = 10.0.40219.1
Project("{FAE04EC0-301F-11D3-BF4B-00C04F79EFBC}") = "WineCellarHB2024", "WineCellarHB2024\WineCellarHB2024.csproj", "{099B04BB-27DB-4F16-A780-1030C66D2EA9}"
EndProject
Project("{FAE04EC0-301F-11D3-BF4B-00C04F79EFBC}") = "Models", "Models\Models.csproj", "{8B2C75B3-5F74-4097-857E-42E59888F941}"
EndProject
Project("{FAE04EC0-301F-11D3-BF4B-00C04F79EFBC}") = "DAL", "DAL\DAL.csproj", "{5AA35243-F039-48DD-8960-54FD83D69032}"
EndProject
Global
	GlobalSection(SolutionConfigurationPlatforms) = preSolution
		Debug|Any CPU = Debug|Any CPU
		Release|Any CPU = Release|Any CPU
	EndGlobalSection
	GlobalSection(ProjectConfigurationPlatforms) = postSolution
		{099B04BB-27DB-4F16-A780-1030C66D2EA9}.Debug|Any CPU.ActiveCfg = Debug|Any CPU
		{099B04BB-27DB-4F16-A780-1030C66D2EA9}.Debug|Any CPU.Build.0 = Debug|Any CPU
		{099B04BB-27DB-4F16-A780-1030C66D2EA9}.Release|Any CPU.ActiveCfg = Release|Any CPU
		{099B04BB-27DB-4F16-A780-1030C66D2EA9}.Release|Any CPU.Build.0 = Release|Any CPU
		{8B2C75B3-5F74-4097-857E-42E59888F941}.Debug|Any CPU.ActiveCfg = Debug|Any CPU
		{8B2C75B3-5F74-4097-857E-42E59888F941}.Debug|Any CPU.Build.0 = Debug|Any CPU
		{8B2C75B3-5F74-4097-857E-42E59888F941}.Release|Any CPU.ActiveCfg = Release|Any CPU
		{8B2C75B3-5F74-4097-857E-42E59888F941}.Release|Any CPU.Build.0 = Release|Any CPU
		{5AA35243-F039-48DD-8960-54FD83D69032}.Debug|Any CPU.ActiveCfg = Debug|Any CPU
		{5AA35243-F039-48DD-8960-54FD83D69032}.Debug|Any CPU.Build.0 = Debug|Any CPU
		{5AA35243-F039-48DD-8960-54FD83D69032}.Release|Any CPU.ActiveCfg = Release|Any CPU
		{5AA35243-F039-48DD-8960-54FD83D69032}.Release|Any CPU.Build.0 = Release|Any CPU
	EndGlobalSection
	GlobalSection(SolutionProperties) = preSolution
		HideSolutionNode = FALSE
	EndGlobalSection
	GlobalSection(ExtensibilityGlobals) = postSolution
		SolutionGuid = {01143F5D-19D6-4AD7-B336-ECCE5630F02F}
	EndGlobalSection
EndGlobal
